// !$*UTF8*$!
{
	archiveVersion = 1;
	classes = {
	};
	objectVersion = 55;
	objects = {

/* Begin PBXBuildFile section */
		01BF031A27A3F11D00B705CF /* AppDelegate.swift in Sources */ = {isa = PBXBuildFile; fileRef = 01BF031927A3F11D00B705CF /* AppDelegate.swift */; };
		01BF031C27A3F11D00B705CF /* SceneDelegate.swift in Sources */ = {isa = PBXBuildFile; fileRef = 01BF031B27A3F11D00B705CF /* SceneDelegate.swift */; };
		01BF031E27A3F11D00B705CF /* ViewController.swift in Sources */ = {isa = PBXBuildFile; fileRef = 01BF031D27A3F11D00B705CF /* ViewController.swift */; };
		01BF032127A3F11D00B705CF /* Main.storyboard in Resources */ = {isa = PBXBuildFile; fileRef = 01BF031F27A3F11D00B705CF /* Main.storyboard */; };
		01BF032327A3F12000B705CF /* Assets.xcassets in Resources */ = {isa = PBXBuildFile; fileRef = 01BF032227A3F12000B705CF /* Assets.xcassets */; };
		01BF032627A3F12000B705CF /* LaunchScreen.storyboard in Resources */ = {isa = PBXBuildFile; fileRef = 01BF032427A3F12000B705CF /* LaunchScreen.storyboard */; };
		01BF033A27A3F16700B705CF /* minju.jpeg in Resources */ = {isa = PBXBuildFile; fileRef = 01BF032E27A3F16600B705CF /* minju.jpeg */; };
		01BF033B27A3F16700B705CF /* yena.jpeg in Resources */ = {isa = PBXBuildFile; fileRef = 01BF032F27A3F16600B705CF /* yena.jpeg */; };
		01BF033C27A3F16700B705CF /* eunbi.jpeg in Resources */ = {isa = PBXBuildFile; fileRef = 01BF033027A3F16700B705CF /* eunbi.jpeg */; };
		01BF033D27A3F16700B705CF /* sakura.jpeg in Resources */ = {isa = PBXBuildFile; fileRef = 01BF033127A3F16700B705CF /* sakura.jpeg */; };
		01BF033E27A3F16700B705CF /* chaeyeon.jpeg in Resources */ = {isa = PBXBuildFile; fileRef = 01BF033227A3F16700B705CF /* chaeyeon.jpeg */; };
		01BF033F27A3F16700B705CF /* hitomi.jpeg in Resources */ = {isa = PBXBuildFile; fileRef = 01BF033327A3F16700B705CF /* hitomi.jpeg */; };
		01BF034027A3F16700B705CF /* wonyoung.jpeg in Resources */ = {isa = PBXBuildFile; fileRef = 01BF033427A3F16700B705CF /* wonyoung.jpeg */; };
		01BF034127A3F16700B705CF /* yujin.jpeg in Resources */ = {isa = PBXBuildFile; fileRef = 01BF033527A3F16700B705CF /* yujin.jpeg */; };
		01BF034227A3F16700B705CF /* yuri.jpeg in Resources */ = {isa = PBXBuildFile; fileRef = 01BF033627A3F16700B705CF /* yuri.jpeg */; };
		01BF034327A3F16700B705CF /* chaewon.jpeg in Resources */ = {isa = PBXBuildFile; fileRef = 01BF033727A3F16700B705CF /* chaewon.jpeg */; };
		01BF034427A3F16700B705CF /* hyewon.jpeg in Resources */ = {isa = PBXBuildFile; fileRef = 01BF033827A3F16700B705CF /* hyewon.jpeg */; };
		01BF034527A3F16700B705CF /* nako.jpeg in Resources */ = {isa = PBXBuildFile; fileRef = 01BF033927A3F16700B705CF /* nako.jpeg */; };
/* End PBXBuildFile section */

/* Begin PBXFileReference section */
		01BF031627A3F11D00B705CF /* PageControl.app */ = {isa = PBXFileReference; explicitFileType = wrapper.application; includeInIndex = 0; path = PageControl.app; sourceTree = BUILT_PRODUCTS_DIR; };
		01BF031927A3F11D00B705CF /* AppDelegate.swift */ = {isa = PBXFileReference; lastKnownFileType = sourcecode.swift; path = AppDelegate.swift; sourceTree = "<group>"; };
		01BF031B27A3F11D00B705CF /* SceneDelegate.swift */ = {isa = PBXFileReference; lastKnownFileType = sourcecode.swift; path = SceneDelegate.swift; sourceTree = "<group>"; };
		01BF031D27A3F11D00B705CF /* ViewController.swift */ = {isa = PBXFileReference; lastKnownFileType = sourcecode.swift; path = ViewController.swift; sourceTree = "<group>"; };
		01BF032027A3F11D00B705CF /* Base */ = {isa = PBXFileReference; lastKnownFileType = file.storyboard; name = Base; path = Base.lproj/Main.storyboard; sourceTree = "<group>"; };
		01BF032227A3F12000B705CF /* Assets.xcassets */ = {isa = PBXFileReference; lastKnownFileType = folder.assetcatalog; path = Assets.xcassets; sourceTree = "<group>"; };
		01BF032527A3F12000B705CF /* Base */ = {isa = PBXFileReference; lastKnownFileType = file.storyboard; name = Base; path = Base.lproj/LaunchScreen.storyboard; sourceTree = "<group>"; };
		01BF032727A3F12000B705CF /* Info.plist */ = {isa = PBXFileReference; lastKnownFileType = text.plist.xml; path = Info.plist; sourceTree = "<group>"; };
		01BF032E27A3F16600B705CF /* minju.jpeg */ = {isa = PBXFileReference; lastKnownFileType = image.jpeg; name = minju.jpeg; path = PageControl/minju.jpeg; sourceTree = SOURCE_ROOT; };
		01BF032F27A3F16600B705CF /* yena.jpeg */ = {isa = PBXFileReference; lastKnownFileType = image.jpeg; name = yena.jpeg; path = PageControl/yena.jpeg; sourceTree = SOURCE_ROOT; };
		01BF033027A3F16700B705CF /* eunbi.jpeg */ = {isa = PBXFileReference; lastKnownFileType = image.jpeg; name = eunbi.jpeg; path = PageControl/eunbi.jpeg; sourceTree = SOURCE_ROOT; };
		01BF033127A3F16700B705CF /* sakura.jpeg */ = {isa = PBXFileReference; lastKnownFileType = image.jpeg; name = sakura.jpeg; path = PageControl/sakura.jpeg; sourceTree = SOURCE_ROOT; };
		01BF033227A3F16700B705CF /* chaeyeon.jpeg */ = {isa = PBXFileReference; lastKnownFileType = image.jpeg; name = chaeyeon.jpeg; path = PageControl/chaeyeon.jpeg; sourceTree = SOURCE_ROOT; };
		01BF033327A3F16700B705CF /* hitomi.jpeg */ = {isa = PBXFileReference; lastKnownFileType = image.jpeg; name = hitomi.jpeg; path = PageControl/hitomi.jpeg; sourceTree = SOURCE_ROOT; };
		01BF033427A3F16700B705CF /* wonyoung.jpeg */ = {isa = PBXFileReference; lastKnownFileType = image.jpeg; name = wonyoung.jpeg; path = PageControl/wonyoung.jpeg; sourceTree = SOURCE_ROOT; };
		01BF033527A3F16700B705CF /* yujin.jpeg */ = {isa = PBXFileReference; lastKnownFileType = image.jpeg; name = yujin.jpeg; path = PageControl/yujin.jpeg; sourceTree = SOURCE_ROOT; };
		01BF033627A3F16700B705CF /* yuri.jpeg */ = {isa = PBXFileReference; lastKnownFileType = image.jpeg; name = yuri.jpeg; path = PageControl/yuri.jpeg; sourceTree = SOURCE_ROOT; };
		01BF033727A3F16700B705CF /* chaewon.jpeg */ = {isa = PBXFileReference; lastKnownFileType = image.jpeg; name = chaewon.jpeg; path = PageControl/chaewon.jpeg; sourceTree = SOURCE_ROOT; };
		01BF033827A3F16700B705CF /* hyewon.jpeg */ = {isa = PBXFileReference; lastKnownFileType = image.jpeg; name = hyewon.jpeg; path = PageControl/hyewon.jpeg; sourceTree = SOURCE_ROOT; };
		01BF033927A3F16700B705CF /* nako.jpeg */ = {isa = PBXFileReference; lastKnownFileType = image.jpeg; name = nako.jpeg; path = PageControl/nako.jpeg; sourceTree = SOURCE_ROOT; };
/* End PBXFileReference section */

/* Begin PBXFrameworksBuildPhase section */
		01BF031327A3F11D00B705CF /* Frameworks */ = {
			isa = PBXFrameworksBuildPhase;
			buildActionMask = 2147483647;
			files = (
			);
			runOnlyForDeploymentPostprocessing = 0;
		};
/* End PBXFrameworksBuildPhase section */

/* Begin PBXGroup section */
		01BF030D27A3F11D00B705CF = {
			isa = PBXGroup;
			children = (
				01BF031827A3F11D00B705CF /* PageControl */,
				01BF031727A3F11D00B705CF /* Products */,
			);
			sourceTree = "<group>";
		};
		01BF031727A3F11D00B705CF /* Products */ = {
			isa = PBXGroup;
			children = (
				01BF031627A3F11D00B705CF /* PageControl.app */,
			);
			name = Products;
			sourceTree = "<group>";
		};
		01BF031827A3F11D00B705CF /* PageControl */ = {
			isa = PBXGroup;
			children = (
				01BF032D27A3F13300B705CF /* images */,
				01BF031927A3F11D00B705CF /* AppDelegate.swift */,
				01BF031B27A3F11D00B705CF /* SceneDelegate.swift */,
				01BF031D27A3F11D00B705CF /* ViewController.swift */,
				01BF031F27A3F11D00B705CF /* Main.storyboard */,
				01BF032227A3F12000B705CF /* Assets.xcassets */,
				01BF032427A3F12000B705CF /* LaunchScreen.storyboard */,
				01BF032727A3F12000B705CF /* Info.plist */,
			);
			path = PageControl;
			sourceTree = "<group>";
		};
		01BF032D27A3F13300B705CF /* images */ = {
			isa = PBXGroup;
			children = (
				01BF033727A3F16700B705CF /* chaewon.jpeg */,
				01BF033227A3F16700B705CF /* chaeyeon.jpeg */,
				01BF033027A3F16700B705CF /* eunbi.jpeg */,
				01BF033327A3F16700B705CF /* hitomi.jpeg */,
				01BF033827A3F16700B705CF /* hyewon.jpeg */,
				01BF032E27A3F16600B705CF /* minju.jpeg */,
				01BF033927A3F16700B705CF /* nako.jpeg */,
				01BF033127A3F16700B705CF /* sakura.jpeg */,
				01BF033427A3F16700B705CF /* wonyoung.jpeg */,
				01BF032F27A3F16600B705CF /* yena.jpeg */,
				01BF033527A3F16700B705CF /* yujin.jpeg */,
				01BF033627A3F16700B705CF /* yuri.jpeg */,
			);
			path = images;
			sourceTree = "<group>";
		};
/* End PBXGroup section */

/* Begin PBXNativeTarget section */
		01BF031527A3F11D00B705CF /* PageControl */ = {
			isa = PBXNativeTarget;
			buildConfigurationList = 01BF032A27A3F12000B705CF /* Build configuration list for PBXNativeTarget "PageControl" */;
			buildPhases = (
				01BF031227A3F11D00B705CF /* Sources */,
				01BF031327A3F11D00B705CF /* Frameworks */,
				01BF031427A3F11D00B705CF /* Resources */,
			);
			buildRules = (
			);
			dependencies = (
			);
			name = PageControl;
			productName = PageControl;
			productReference = 01BF031627A3F11D00B705CF /* PageControl.app */;
			productType = "com.apple.product-type.application";
		};
/* End PBXNativeTarget section */

/* Begin PBXProject section */
		01BF030E27A3F11D00B705CF /* Project object */ = {
			isa = PBXProject;
			attributes = {
				BuildIndependentTargetsInParallel = 1;
				LastSwiftUpdateCheck = 1320;
				LastUpgradeCheck = 1320;
				TargetAttributes = {
					01BF031527A3F11D00B705CF = {
						CreatedOnToolsVersion = 13.2.1;
					};
				};
			};
			buildConfigurationList = 01BF031127A3F11D00B705CF /* Build configuration list for PBXProject "PageControl" */;
			compatibilityVersion = "Xcode 13.0";
			developmentRegion = en;
			hasScannedForEncodings = 0;
			knownRegions = (
				en,
				Base,
			);
			mainGroup = 01BF030D27A3F11D00B705CF;
			productRefGroup = 01BF031727A3F11D00B705CF /* Products */;
			projectDirPath = "";
			projectRoot = "";
			targets = (
				01BF031527A3F11D00B705CF /* PageControl */,
			);
		};
/* End PBXProject section */

/* Begin PBXResourcesBuildPhase section */
		01BF031427A3F11D00B705CF /* Resources */ = {
			isa = PBXResourcesBuildPhase;
			buildActionMask = 2147483647;
			files = (
				01BF032627A3F12000B705CF /* LaunchScreen.storyboard in Resources */,
				01BF034127A3F16700B705CF /* yujin.jpeg in Resources */,
				01BF034027A3F16700B705CF /* wonyoung.jpeg in Resources */,
				01BF033A27A3F16700B705CF /* minju.jpeg in Resources */,
				01BF033D27A3F16700B705CF /* sakura.jpeg in Resources */,
				01BF034327A3F16700B705CF /* chaewon.jpeg in Resources */,
				01BF032327A3F12000B705CF /* Assets.xcassets in Resources */,
				01BF034227A3F16700B705CF /* yuri.jpeg in Resources */,
				01BF032127A3F11D00B705CF /* Main.storyboard in Resources */,
				01BF034527A3F16700B705CF /* nako.jpeg in Resources */,
				01BF034427A3F16700B705CF /* hyewon.jpeg in Resources */,
				01BF033E27A3F16700B705CF /* chaeyeon.jpeg in Resources */,
				01BF033B27A3F16700B705CF /* yena.jpeg in Resources */,
				01BF033F27A3F16700B705CF /* hitomi.jpeg in Resources */,
				01BF033C27A3F16700B705CF /* eunbi.jpeg in Resources */,
			);
			runOnlyForDeploymentPostprocessing = 0;
		};
/* End PBXResourcesBuildPhase section */

/* Begin PBXSourcesBuildPhase section */
		01BF031227A3F11D00B705CF /* Sources */ = {
			isa = PBXSourcesBuildPhase;
			buildActionMask = 2147483647;
			files = (
				01BF031E27A3F11D00B705CF /* ViewController.swift in Sources */,
				01BF031A27A3F11D00B705CF /* AppDelegate.swift in Sources */,
				01BF031C27A3F11D00B705CF /* SceneDelegate.swift in Sources */,
			);
			runOnlyForDeploymentPostprocessing = 0;
		};
/* End PBXSourcesBuildPhase section */

/* Begin PBXVariantGroup section */
		01BF031F27A3F11D00B705CF /* Main.storyboard */ = {
			isa = PBXVariantGroup;
			children = (
				01BF032027A3F11D00B705CF /* Base */,
			);
			name = Main.storyboard;
			sourceTree = "<group>";
		};
		01BF032427A3F12000B705CF /* LaunchScreen.storyboard */ = {
			isa = PBXVariantGroup;
			children = (
				01BF032527A3F12000B705CF /* Base */,
			);
			name = LaunchScreen.storyboard;
			sourceTree = "<group>";
		};
/* End PBXVariantGroup section */

/* Begin XCBuildConfiguration section */
		01BF032827A3F12000B705CF /* Debug */ = {
			isa = XCBuildConfiguration;
			buildSettings = {
				ALWAYS_SEARCH_USER_PATHS = NO;
				CLANG_ANALYZER_NONNULL = YES;
				CLANG_ANALYZER_NUMBER_OBJECT_CONVERSION = YES_AGGRESSIVE;
				CLANG_CXX_LANGUAGE_STANDARD = "gnu++17";
				CLANG_CXX_LIBRARY = "libc++";
				CLANG_ENABLE_MODULES = YES;
				CLANG_ENABLE_OBJC_ARC = YES;
				CLANG_ENABLE_OBJC_WEAK = YES;
				CLANG_WARN_BLOCK_CAPTURE_AUTORELEASING = YES;
				CLANG_WARN_BOOL_CONVERSION = YES;
				CLANG_WARN_COMMA = YES;
				CLANG_WARN_CONSTANT_CONVERSION = YES;
				CLANG_WARN_DEPRECATED_OBJC_IMPLEMENTATIONS = YES;
				CLANG_WARN_DIRECT_OBJC_ISA_USAGE = YES_ERROR;
				CLANG_WARN_DOCUMENTATION_COMMENTS = YES;
				CLANG_WARN_EMPTY_BODY = YES;
				CLANG_WARN_ENUM_CONVERSION = YES;
				CLANG_WARN_INFINITE_RECURSION = YES;
				CLANG_WARN_INT_CONVERSION = YES;
				CLANG_WARN_NON_LITERAL_NULL_CONVERSION = YES;
				CLANG_WARN_OBJC_IMPLICIT_RETAIN_SELF = YES;
				CLANG_WARN_OBJC_LITERAL_CONVERSION = YES;
				CLANG_WARN_OBJC_ROOT_CLASS = YES_ERROR;
				CLANG_WARN_QUOTED_INCLUDE_IN_FRAMEWORK_HEADER = YES;
				CLANG_WARN_RANGE_LOOP_ANALYSIS = YES;
				CLANG_WARN_STRICT_PROTOTYPES = YES;
				CLANG_WARN_SUSPICIOUS_MOVE = YES;
				CLANG_WARN_UNGUARDED_AVAILABILITY = YES_AGGRESSIVE;
				CLANG_WARN_UNREACHABLE_CODE = YES;
				CLANG_WARN__DUPLICATE_METHOD_MATCH = YES;
				COPY_PHASE_STRIP = NO;
				DEBUG_INFORMATION_FORMAT = dwarf;
				ENABLE_STRICT_OBJC_MSGSEND = YES;
				ENABLE_TESTABILITY = YES;
				GCC_C_LANGUAGE_STANDARD = gnu11;
				GCC_DYNAMIC_NO_PIC = NO;
				GCC_NO_COMMON_BLOCKS = YES;
				GCC_OPTIMIZATION_LEVEL = 0;
				GCC_PREPROCESSOR_DEFINITIONS = (
					"DEBUG=1",
					"$(inherited)",
				);
				GCC_WARN_64_TO_32_BIT_CONVERSION = YES;
				GCC_WARN_ABOUT_RETURN_TYPE = YES_ERROR;
				GCC_WARN_UNDECLARED_SELECTOR = YES;
				GCC_WARN_UNINITIALIZED_AUTOS = YES_AGGRESSIVE;
				GCC_WARN_UNUSED_FUNCTION = YES;
				GCC_WARN_UNUSED_VARIABLE = YES;
				IPHONEOS_DEPLOYMENT_TARGET = 15.2;
				MTL_ENABLE_DEBUG_INFO = INCLUDE_SOURCE;
				MTL_FAST_MATH = YES;
				ONLY_ACTIVE_ARCH = YES;
				SDKROOT = iphoneos;
				SWIFT_ACTIVE_COMPILATION_CONDITIONS = DEBUG;
				SWIFT_OPTIMIZATION_LEVEL = "-Onone";
			};
			name = Debug;
		};
		01BF032927A3F12000B705CF /* Release */ = {
			isa = XCBuildConfiguration;
			buildSettings = {
				ALWAYS_SEARCH_USER_PATHS = NO;
				CLANG_ANALYZER_NONNULL = YES;
				CLANG_ANALYZER_NUMBER_OBJECT_CONVERSION = YES_AGGRESSIVE;
				CLANG_CXX_LANGUAGE_STANDARD = "gnu++17";
				CLANG_CXX_LIBRARY = "libc++";
				CLANG_ENABLE_MODULES = YES;
				CLANG_ENABLE_OBJC_ARC = YES;
				CLANG_ENABLE_OBJC_WEAK = YES;
				CLANG_WARN_BLOCK_CAPTURE_AUTORELEASING = YES;
				CLANG_WARN_BOOL_CONVERSION = YES;
				CLANG_WARN_COMMA = YES;
				CLANG_WARN_CONSTANT_CONVERSION = YES;
				CLANG_WARN_DEPRECATED_OBJC_IMPLEMENTATIONS = YES;
				CLANG_WARN_DIRECT_OBJC_ISA_USAGE = YES_ERROR;
				CLANG_WARN_DOCUMENTATION_COMMENTS = YES;
				CLANG_WARN_EMPTY_BODY = YES;
				CLANG_WARN_ENUM_CONVERSION = YES;
				CLANG_WARN_INFINITE_RECURSION = YES;
				CLANG_WARN_INT_CONVERSION = YES;
				CLANG_WARN_NON_LITERAL_NULL_CONVERSION = YES;
				CLANG_WARN_OBJC_IMPLICIT_RETAIN_SELF = YES;
				CLANG_WARN_OBJC_LITERAL_CONVERSION = YES;
				CLANG_WARN_OBJC_ROOT_CLASS = YES_ERROR;
				CLANG_WARN_QUOTED_INCLUDE_IN_FRAMEWORK_HEADER = YES;
				CLANG_WARN_RANGE_LOOP_ANALYSIS = YES;
				CLANG_WARN_STRICT_PROTOTYPES = YES;
				CLANG_WARN_SUSPICIOUS_MOVE = YES;
				CLANG_WARN_UNGUARDED_AVAILABILITY = YES_AGGRESSIVE;
				CLANG_WARN_UNREACHABLE_CODE = YES;
				CLANG_WARN__DUPLICATE_METHOD_MATCH = YES;
				COPY_PHASE_STRIP = NO;
				DEBUG_INFORMATION_FORMAT = "dwarf-with-dsym";
				ENABLE_NS_ASSERTIONS = NO;
				ENABLE_STRICT_OBJC_MSGSEND = YES;
				GCC_C_LANGUAGE_STANDARD = gnu11;
				GCC_NO_COMMON_BLOCKS = YES;
				GCC_WARN_64_TO_32_BIT_CONVERSION = YES;
				GCC_WARN_ABOUT_RETURN_TYPE = YES_ERROR;
				GCC_WARN_UNDECLARED_SELECTOR = YES;
				GCC_WARN_UNINITIALIZED_AUTOS = YES_AGGRESSIVE;
				GCC_WARN_UNUSED_FUNCTION = YES;
				GCC_WARN_UNUSED_VARIABLE = YES;
				IPHONEOS_DEPLOYMENT_TARGET = 15.2;
				MTL_ENABLE_DEBUG_INFO = NO;
				MTL_FAST_MATH = YES;
				SDKROOT = iphoneos;
				SWIFT_COMPILATION_MODE = wholemodule;
				SWIFT_OPTIMIZATION_LEVEL = "-O";
				VALIDATE_PRODUCT = YES;
			};
			name = Release;
		};
		01BF032B27A3F12000B705CF /* Debug */ = {
			isa = XCBuildConfiguration;
			buildSettings = {
				ASSETCATALOG_COMPILER_APPICON_NAME = AppIcon;
				ASSETCATALOG_COMPILER_GLOBAL_ACCENT_COLOR_NAME = AccentColor;
				CODE_SIGN_STYLE = Automatic;
				CURRENT_PROJECT_VERSION = 1;
				GENERATE_INFOPLIST_FILE = YES;
				INFOPLIST_FILE = PageControl/Info.plist;
				INFOPLIST_KEY_UIApplicationSupportsIndirectInputEvents = YES;
				INFOPLIST_KEY_UILaunchStoryboardName = LaunchScreen;
				INFOPLIST_KEY_UIMainStoryboardFile = Main;
				INFOPLIST_KEY_UISupportedInterfaceOrientations = "UIInterfaceOrientationPortrait UIInterfaceOrientationLandscapeLeft UIInterfaceOrientationLandscapeRight";
				INFOPLIST_KEY_UISupportedInterfaceOrientations_iPad = "UIInterfaceOrientationPortrait UIInterfaceOrientationPortraitUpsideDown UIInterfaceOrientationLandscapeLeft UIInterfaceOrientationLandscapeRight";
				INFOPLIST_KEY_UISupportedInterfaceOrientations_iPhone = "UIInterfaceOrientationPortrait UIInterfaceOrientationLandscapeLeft UIInterfaceOrientationLandscapeRight";
				LD_RUNPATH_SEARCH_PATHS = (
					"$(inherited)",
					"@executable_path/Frameworks",
				);
				MARKETING_VERSION = 1.0;
				PRODUCT_BUNDLE_IDENTIFIER = Necky.PageControl;
				PRODUCT_NAME = "$(TARGET_NAME)";
				SWIFT_EMIT_LOC_STRINGS = YES;
				SWIFT_VERSION = 5.0;
				TARGETED_DEVICE_FAMILY = "1,2";
			};
			name = Debug;
		};
		01BF032C27A3F12000B705CF /* Release */ = {
			isa = XCBuildConfiguration;
			buildSettings = {
				ASSETCATALOG_COMPILER_APPICON_NAME = AppIcon;
				ASSETCATALOG_COMPILER_GLOBAL_ACCENT_COLOR_NAME = AccentColor;
				CODE_SIGN_STYLE = Automatic;
				CURRENT_PROJECT_VERSION = 1;
				GENERATE_INFOPLIST_FILE = YES;
				INFOPLIST_FILE = PageControl/Info.plist;
				INFOPLIST_KEY_UIApplicationSupportsIndirectInputEvents = YES;
				INFOPLIST_KEY_UILaunchStoryboardName = LaunchScreen;
				INFOPLIST_KEY_UIMainStoryboardFile = Main;
				INFOPLIST_KEY_UISupportedInterfaceOrientations = "UIInterfaceOrientationPortrait UIInterfaceOrientationLandscapeLeft UIInterfaceOrientationLandscapeRight";
				INFOPLIST_KEY_UISupportedInterfaceOrientations_iPad = "UIInterfaceOrientationPortrait UIInterfaceOrientationPortraitUpsideDown UIInterfaceOrientationLandscapeLeft UIInterfaceOrientationLandscapeRight";
				INFOPLIST_KEY_UISupportedInterfaceOrientations_iPhone = "UIInterfaceOrientationPortrait UIInterfaceOrientationLandscapeLeft UIInterfaceOrientationLandscapeRight";
				LD_RUNPATH_SEARCH_PATHS = (
					"$(inherited)",
					"@executable_path/Frameworks",
				);
				MARKETING_VERSION = 1.0;
				PRODUCT_BUNDLE_IDENTIFIER = Necky.PageControl;
				PRODUCT_NAME = "$(TARGET_NAME)";
				SWIFT_EMIT_LOC_STRINGS = YES;
				SWIFT_VERSION = 5.0;
				TARGETED_DEVICE_FAMILY = "1,2";
			};
			name = Release;
		};
/* End XCBuildConfiguration section */

/* Begin XCConfigurationList section */
		01BF031127A3F11D00B705CF /* Build configuration list for PBXProject "PageControl" */ = {
			isa = XCConfigurationList;
			buildConfigurations = (
				01BF032827A3F12000B705CF /* Debug */,
				01BF032927A3F12000B705CF /* Release */,
			);
			defaultConfigurationIsVisible = 0;
			defaultConfigurationName = Release;
		};
		01BF032A27A3F12000B705CF /* Build configuration list for PBXNativeTarget "PageControl" */ = {
			isa = XCConfigurationList;
			buildConfigurations = (
				01BF032B27A3F12000B705CF /* Debug */,
				01BF032C27A3F12000B705CF /* Release */,
			);
			defaultConfigurationIsVisible = 0;
			defaultConfigurationName = Release;
		};
/* End XCConfigurationList section */
	};
	rootObject = 01BF030E27A3F11D00B705CF /* Project object */;
}
