// !$*UTF8*$!
{
	archiveVersion = 1;
	classes = {
	};
	objectVersion = 55;
	objects = {

/* Begin PBXBuildFile section */
		017ED771279A987700FAAF42 /* AppDelegate.swift in Sources */ = {isa = PBXBuildFile; fileRef = 017ED770279A987700FAAF42 /* AppDelegate.swift */; };
		017ED773279A987700FAAF42 /* SceneDelegate.swift in Sources */ = {isa = PBXBuildFile; fileRef = 017ED772279A987700FAAF42 /* SceneDelegate.swift */; };
		017ED775279A987700FAAF42 /* ViewController.swift in Sources */ = {isa = PBXBuildFile; fileRef = 017ED774279A987700FAAF42 /* ViewController.swift */; };
		017ED778279A987700FAAF42 /* Main.storyboard in Resources */ = {isa = PBXBuildFile; fileRef = 017ED776279A987700FAAF42 /* Main.storyboard */; };
		017ED77A279A987A00FAAF42 /* Assets.xcassets in Resources */ = {isa = PBXBuildFile; fileRef = 017ED779279A987A00FAAF42 /* Assets.xcassets */; };
		017ED77D279A987A00FAAF42 /* LaunchScreen.storyboard in Resources */ = {isa = PBXBuildFile; fileRef = 017ED77B279A987A00FAAF42 /* LaunchScreen.storyboard */; };
		017ED78E279A992900FAAF42 /* 5.jpg in Resources */ = {isa = PBXBuildFile; fileRef = 017ED784279A992900FAAF42 /* 5.jpg */; };
		017ED78F279A992900FAAF42 /* 10.jpg in Resources */ = {isa = PBXBuildFile; fileRef = 017ED785279A992900FAAF42 /* 10.jpg */; };
		017ED790279A992900FAAF42 /* 4.jpg in Resources */ = {isa = PBXBuildFile; fileRef = 017ED786279A992900FAAF42 /* 4.jpg */; };
		017ED791279A992900FAAF42 /* 6.jpg in Resources */ = {isa = PBXBuildFile; fileRef = 017ED787279A992900FAAF42 /* 6.jpg */; };
		017ED792279A992900FAAF42 /* 7.jpg in Resources */ = {isa = PBXBuildFile; fileRef = 017ED788279A992900FAAF42 /* 7.jpg */; };
		017ED793279A992900FAAF42 /* 8.jpg in Resources */ = {isa = PBXBuildFile; fileRef = 017ED789279A992900FAAF42 /* 8.jpg */; };
		017ED794279A992900FAAF42 /* 1.jpg in Resources */ = {isa = PBXBuildFile; fileRef = 017ED78A279A992900FAAF42 /* 1.jpg */; };
		017ED795279A992900FAAF42 /* 2.jpg in Resources */ = {isa = PBXBuildFile; fileRef = 017ED78B279A992900FAAF42 /* 2.jpg */; };
		017ED796279A992900FAAF42 /* 9.jpg in Resources */ = {isa = PBXBuildFile; fileRef = 017ED78C279A992900FAAF42 /* 9.jpg */; };
		017ED797279A992900FAAF42 /* 3.jpg in Resources */ = {isa = PBXBuildFile; fileRef = 017ED78D279A992900FAAF42 /* 3.jpg */; };
/* End PBXBuildFile section */

/* Begin PBXFileReference section */
		017ED76D279A987700FAAF42 /* PickerView.app */ = {isa = PBXFileReference; explicitFileType = wrapper.application; includeInIndex = 0; path = PickerView.app; sourceTree = BUILT_PRODUCTS_DIR; };
		017ED770279A987700FAAF42 /* AppDelegate.swift */ = {isa = PBXFileReference; lastKnownFileType = sourcecode.swift; path = AppDelegate.swift; sourceTree = "<group>"; };
		017ED772279A987700FAAF42 /* SceneDelegate.swift */ = {isa = PBXFileReference; lastKnownFileType = sourcecode.swift; path = SceneDelegate.swift; sourceTree = "<group>"; };
		017ED774279A987700FAAF42 /* ViewController.swift */ = {isa = PBXFileReference; lastKnownFileType = sourcecode.swift; path = ViewController.swift; sourceTree = "<group>"; };
		017ED777279A987700FAAF42 /* Base */ = {isa = PBXFileReference; lastKnownFileType = file.storyboard; name = Base; path = Base.lproj/Main.storyboard; sourceTree = "<group>"; };
		017ED779279A987A00FAAF42 /* Assets.xcassets */ = {isa = PBXFileReference; lastKnownFileType = folder.assetcatalog; path = Assets.xcassets; sourceTree = "<group>"; };
		017ED77C279A987A00FAAF42 /* Base */ = {isa = PBXFileReference; lastKnownFileType = file.storyboard; name = Base; path = Base.lproj/LaunchScreen.storyboard; sourceTree = "<group>"; };
		017ED77E279A987A00FAAF42 /* Info.plist */ = {isa = PBXFileReference; lastKnownFileType = text.plist.xml; path = Info.plist; sourceTree = "<group>"; };
		017ED784279A992900FAAF42 /* 5.jpg */ = {isa = PBXFileReference; lastKnownFileType = image.jpeg; path = 5.jpg; sourceTree = "<group>"; };
		017ED785279A992900FAAF42 /* 10.jpg */ = {isa = PBXFileReference; lastKnownFileType = image.jpeg; path = 10.jpg; sourceTree = "<group>"; };
		017ED786279A992900FAAF42 /* 4.jpg */ = {isa = PBXFileReference; lastKnownFileType = image.jpeg; path = 4.jpg; sourceTree = "<group>"; };
		017ED787279A992900FAAF42 /* 6.jpg */ = {isa = PBXFileReference; lastKnownFileType = image.jpeg; path = 6.jpg; sourceTree = "<group>"; };
		017ED788279A992900FAAF42 /* 7.jpg */ = {isa = PBXFileReference; lastKnownFileType = image.jpeg; path = 7.jpg; sourceTree = "<group>"; };
		017ED789279A992900FAAF42 /* 8.jpg */ = {isa = PBXFileReference; lastKnownFileType = image.jpeg; path = 8.jpg; sourceTree = "<group>"; };
		017ED78A279A992900FAAF42 /* 1.jpg */ = {isa = PBXFileReference; lastKnownFileType = image.jpeg; path = 1.jpg; sourceTree = "<group>"; };
		017ED78B279A992900FAAF42 /* 2.jpg */ = {isa = PBXFileReference; lastKnownFileType = image.jpeg; path = 2.jpg; sourceTree = "<group>"; };
		017ED78C279A992900FAAF42 /* 9.jpg */ = {isa = PBXFileReference; lastKnownFileType = image.jpeg; path = 9.jpg; sourceTree = "<group>"; };
		017ED78D279A992900FAAF42 /* 3.jpg */ = {isa = PBXFileReference; lastKnownFileType = image.jpeg; path = 3.jpg; sourceTree = "<group>"; };
/* End PBXFileReference section */

/* Begin PBXFrameworksBuildPhase section */
		017ED76A279A987700FAAF42 /* Frameworks */ = {
			isa = PBXFrameworksBuildPhase;
			buildActionMask = 2147483647;
			files = (
			);
			runOnlyForDeploymentPostprocessing = 0;
		};
/* End PBXFrameworksBuildPhase section */

/* Begin PBXGroup section */
		017ED764279A987700FAAF42 = {
			isa = PBXGroup;
			children = (
				017ED76F279A987700FAAF42 /* PickerView */,
				017ED76E279A987700FAAF42 /* Products */,
			);
			sourceTree = "<group>";
		};
		017ED76E279A987700FAAF42 /* Products */ = {
			isa = PBXGroup;
			children = (
				017ED76D279A987700FAAF42 /* PickerView.app */,
			);
			name = Products;
			sourceTree = "<group>";
		};
		017ED76F279A987700FAAF42 /* PickerView */ = {
			isa = PBXGroup;
			children = (
				017ED770279A987700FAAF42 /* AppDelegate.swift */,
				017ED772279A987700FAAF42 /* SceneDelegate.swift */,
				017ED774279A987700FAAF42 /* ViewController.swift */,
				017ED776279A987700FAAF42 /* Main.storyboard */,
				017ED779279A987A00FAAF42 /* Assets.xcassets */,
				017ED77B279A987A00FAAF42 /* LaunchScreen.storyboard */,
				017ED77E279A987A00FAAF42 /* Info.plist */,
				017ED78A279A992900FAAF42 /* 1.jpg */,
				017ED78B279A992900FAAF42 /* 2.jpg */,
				017ED78D279A992900FAAF42 /* 3.jpg */,
				017ED786279A992900FAAF42 /* 4.jpg */,
				017ED784279A992900FAAF42 /* 5.jpg */,
				017ED787279A992900FAAF42 /* 6.jpg */,
				017ED788279A992900FAAF42 /* 7.jpg */,
				017ED789279A992900FAAF42 /* 8.jpg */,
				017ED78C279A992900FAAF42 /* 9.jpg */,
				017ED785279A992900FAAF42 /* 10.jpg */,
			);
			path = PickerView;
			sourceTree = "<group>";
		};
/* End PBXGroup section */

/* Begin PBXNativeTarget section */
		017ED76C279A987700FAAF42 /* PickerView */ = {
			isa = PBXNativeTarget;
			buildConfigurationList = 017ED781279A987A00FAAF42 /* Build configuration list for PBXNativeTarget "PickerView" */;
			buildPhases = (
				017ED769279A987700FAAF42 /* Sources */,
				017ED76A279A987700FAAF42 /* Frameworks */,
				017ED76B279A987700FAAF42 /* Resources */,
			);
			buildRules = (
			);
			dependencies = (
			);
			name = PickerView;
			productName = PickerView;
			productReference = 017ED76D279A987700FAAF42 /* PickerView.app */;
			productType = "com.apple.product-type.application";
		};
/* End PBXNativeTarget section */

/* Begin PBXProject section */
		017ED765279A987700FAAF42 /* Project object */ = {
			isa = PBXProject;
			attributes = {
				BuildIndependentTargetsInParallel = 1;
				LastSwiftUpdateCheck = 1320;
				LastUpgradeCheck = 1320;
				TargetAttributes = {
					017ED76C279A987700FAAF42 = {
						CreatedOnToolsVersion = 13.2.1;
					};
				};
			};
			buildConfigurationList = 017ED768279A987700FAAF42 /* Build configuration list for PBXProject "PickerView" */;
			compatibilityVersion = "Xcode 13.0";
			developmentRegion = en;
			hasScannedForEncodings = 0;
			knownRegions = (
				en,
				Base,
			);
			mainGroup = 017ED764279A987700FAAF42;
			productRefGroup = 017ED76E279A987700FAAF42 /* Products */;
			projectDirPath = "";
			projectRoot = "";
			targets = (
				017ED76C279A987700FAAF42 /* PickerView */,
			);
		};
/* End PBXProject section */

/* Begin PBXResourcesBuildPhase section */
		017ED76B279A987700FAAF42 /* Resources */ = {
			isa = PBXResourcesBuildPhase;
			buildActionMask = 2147483647;
			files = (
				017ED795279A992900FAAF42 /* 2.jpg in Resources */,
				017ED791279A992900FAAF42 /* 6.jpg in Resources */,
				017ED790279A992900FAAF42 /* 4.jpg in Resources */,
				017ED78F279A992900FAAF42 /* 10.jpg in Resources */,
				017ED797279A992900FAAF42 /* 3.jpg in Resources */,
				017ED793279A992900FAAF42 /* 8.jpg in Resources */,
				017ED792279A992900FAAF42 /* 7.jpg in Resources */,
				017ED77D279A987A00FAAF42 /* LaunchScreen.storyboard in Resources */,
				017ED78E279A992900FAAF42 /* 5.jpg in Resources */,
				017ED77A279A987A00FAAF42 /* Assets.xcassets in Resources */,
				017ED796279A992900FAAF42 /* 9.jpg in Resources */,
				017ED778279A987700FAAF42 /* Main.storyboard in Resources */,
				017ED794279A992900FAAF42 /* 1.jpg in Resources */,
			);
			runOnlyForDeploymentPostprocessing = 0;
		};
/* End PBXResourcesBuildPhase section */

/* Begin PBXSourcesBuildPhase section */
		017ED769279A987700FAAF42 /* Sources */ = {
			isa = PBXSourcesBuildPhase;
			buildActionMask = 2147483647;
			files = (
				017ED775279A987700FAAF42 /* ViewController.swift in Sources */,
				017ED771279A987700FAAF42 /* AppDelegate.swift in Sources */,
				017ED773279A987700FAAF42 /* SceneDelegate.swift in Sources */,
			);
			runOnlyForDeploymentPostprocessing = 0;
		};
/* End PBXSourcesBuildPhase section */

/* Begin PBXVariantGroup section */
		017ED776279A987700FAAF42 /* Main.storyboard */ = {
			isa = PBXVariantGroup;
			children = (
				017ED777279A987700FAAF42 /* Base */,
			);
			name = Main.storyboard;
			sourceTree = "<group>";
		};
		017ED77B279A987A00FAAF42 /* LaunchScreen.storyboard */ = {
			isa = PBXVariantGroup;
			children = (
				017ED77C279A987A00FAAF42 /* Base */,
			);
			name = LaunchScreen.storyboard;
			sourceTree = "<group>";
		};
/* End PBXVariantGroup section */

/* Begin XCBuildConfiguration section */
		017ED77F279A987A00FAAF42 /* Debug */ = {
			isa = XCBuildConfiguration;
			buildSettings = {
				ALWAYS_SEARCH_USER_PATHS = NO;
				CLANG_ANALYZER_NONNULL = YES;
				CLANG_ANALYZER_NUMBER_OBJECT_CONVERSION = YES_AGGRESSIVE;
				CLANG_CXX_LANGUAGE_STANDARD = "gnu++17";
				CLANG_CXX_LIBRARY = "libc++";
				CLANG_ENABLE_MODULES = YES;
				CLANG_ENABLE_OBJC_ARC = YES;
				CLANG_ENABLE_OBJC_WEAK = YES;
				CLANG_WARN_BLOCK_CAPTURE_AUTORELEASING = YES;
				CLANG_WARN_BOOL_CONVERSION = YES;
				CLANG_WARN_COMMA = YES;
				CLANG_WARN_CONSTANT_CONVERSION = YES;
				CLANG_WARN_DEPRECATED_OBJC_IMPLEMENTATIONS = YES;
				CLANG_WARN_DIRECT_OBJC_ISA_USAGE = YES_ERROR;
				CLANG_WARN_DOCUMENTATION_COMMENTS = YES;
				CLANG_WARN_EMPTY_BODY = YES;
				CLANG_WARN_ENUM_CONVERSION = YES;
				CLANG_WARN_INFINITE_RECURSION = YES;
				CLANG_WARN_INT_CONVERSION = YES;
				CLANG_WARN_NON_LITERAL_NULL_CONVERSION = YES;
				CLANG_WARN_OBJC_IMPLICIT_RETAIN_SELF = YES;
				CLANG_WARN_OBJC_LITERAL_CONVERSION = YES;
				CLANG_WARN_OBJC_ROOT_CLASS = YES_ERROR;
				CLANG_WARN_QUOTED_INCLUDE_IN_FRAMEWORK_HEADER = YES;
				CLANG_WARN_RANGE_LOOP_ANALYSIS = YES;
				CLANG_WARN_STRICT_PROTOTYPES = YES;
				CLANG_WARN_SUSPICIOUS_MOVE = YES;
				CLANG_WARN_UNGUARDED_AVAILABILITY = YES_AGGRESSIVE;
				CLANG_WARN_UNREACHABLE_CODE = YES;
				CLANG_WARN__DUPLICATE_METHOD_MATCH = YES;
				COPY_PHASE_STRIP = NO;
				DEBUG_INFORMATION_FORMAT = dwarf;
				ENABLE_STRICT_OBJC_MSGSEND = YES;
				ENABLE_TESTABILITY = YES;
				GCC_C_LANGUAGE_STANDARD = gnu11;
				GCC_DYNAMIC_NO_PIC = NO;
				GCC_NO_COMMON_BLOCKS = YES;
				GCC_OPTIMIZATION_LEVEL = 0;
				GCC_PREPROCESSOR_DEFINITIONS = (
					"DEBUG=1",
					"$(inherited)",
				);
				GCC_WARN_64_TO_32_BIT_CONVERSION = YES;
				GCC_WARN_ABOUT_RETURN_TYPE = YES_ERROR;
				GCC_WARN_UNDECLARED_SELECTOR = YES;
				GCC_WARN_UNINITIALIZED_AUTOS = YES_AGGRESSIVE;
				GCC_WARN_UNUSED_FUNCTION = YES;
				GCC_WARN_UNUSED_VARIABLE = YES;
				IPHONEOS_DEPLOYMENT_TARGET = 15.2;
				MTL_ENABLE_DEBUG_INFO = INCLUDE_SOURCE;
				MTL_FAST_MATH = YES;
				ONLY_ACTIVE_ARCH = YES;
				SDKROOT = iphoneos;
				SWIFT_ACTIVE_COMPILATION_CONDITIONS = DEBUG;
				SWIFT_OPTIMIZATION_LEVEL = "-Onone";
			};
			name = Debug;
		};
		017ED780279A987A00FAAF42 /* Release */ = {
			isa = XCBuildConfiguration;
			buildSettings = {
				ALWAYS_SEARCH_USER_PATHS = NO;
				CLANG_ANALYZER_NONNULL = YES;
				CLANG_ANALYZER_NUMBER_OBJECT_CONVERSION = YES_AGGRESSIVE;
				CLANG_CXX_LANGUAGE_STANDARD = "gnu++17";
				CLANG_CXX_LIBRARY = "libc++";
				CLANG_ENABLE_MODULES = YES;
				CLANG_ENABLE_OBJC_ARC = YES;
				CLANG_ENABLE_OBJC_WEAK = YES;
				CLANG_WARN_BLOCK_CAPTURE_AUTORELEASING = YES;
				CLANG_WARN_BOOL_CONVERSION = YES;
				CLANG_WARN_COMMA = YES;
				CLANG_WARN_CONSTANT_CONVERSION = YES;
				CLANG_WARN_DEPRECATED_OBJC_IMPLEMENTATIONS = YES;
				CLANG_WARN_DIRECT_OBJC_ISA_USAGE = YES_ERROR;
				CLANG_WARN_DOCUMENTATION_COMMENTS = YES;
				CLANG_WARN_EMPTY_BODY = YES;
				CLANG_WARN_ENUM_CONVERSION = YES;
				CLANG_WARN_INFINITE_RECURSION = YES;
				CLANG_WARN_INT_CONVERSION = YES;
				CLANG_WARN_NON_LITERAL_NULL_CONVERSION = YES;
				CLANG_WARN_OBJC_IMPLICIT_RETAIN_SELF = YES;
				CLANG_WARN_OBJC_LITERAL_CONVERSION = YES;
				CLANG_WARN_OBJC_ROOT_CLASS = YES_ERROR;
				CLANG_WARN_QUOTED_INCLUDE_IN_FRAMEWORK_HEADER = YES;
				CLANG_WARN_RANGE_LOOP_ANALYSIS = YES;
				CLANG_WARN_STRICT_PROTOTYPES = YES;
				CLANG_WARN_SUSPICIOUS_MOVE = YES;
				CLANG_WARN_UNGUARDED_AVAILABILITY = YES_AGGRESSIVE;
				CLANG_WARN_UNREACHABLE_CODE = YES;
				CLANG_WARN__DUPLICATE_METHOD_MATCH = YES;
				COPY_PHASE_STRIP = NO;
				DEBUG_INFORMATION_FORMAT = "dwarf-with-dsym";
				ENABLE_NS_ASSERTIONS = NO;
				ENABLE_STRICT_OBJC_MSGSEND = YES;
				GCC_C_LANGUAGE_STANDARD = gnu11;
				GCC_NO_COMMON_BLOCKS = YES;
				GCC_WARN_64_TO_32_BIT_CONVERSION = YES;
				GCC_WARN_ABOUT_RETURN_TYPE = YES_ERROR;
				GCC_WARN_UNDECLARED_SELECTOR = YES;
				GCC_WARN_UNINITIALIZED_AUTOS = YES_AGGRESSIVE;
				GCC_WARN_UNUSED_FUNCTION = YES;
				GCC_WARN_UNUSED_VARIABLE = YES;
				IPHONEOS_DEPLOYMENT_TARGET = 15.2;
				MTL_ENABLE_DEBUG_INFO = NO;
				MTL_FAST_MATH = YES;
				SDKROOT = iphoneos;
				SWIFT_COMPILATION_MODE = wholemodule;
				SWIFT_OPTIMIZATION_LEVEL = "-O";
				VALIDATE_PRODUCT = YES;
			};
			name = Release;
		};
		017ED782279A987A00FAAF42 /* Debug */ = {
			isa = XCBuildConfiguration;
			buildSettings = {
				ASSETCATALOG_COMPILER_APPICON_NAME = AppIcon;
				ASSETCATALOG_COMPILER_GLOBAL_ACCENT_COLOR_NAME = AccentColor;
				CODE_SIGN_STYLE = Automatic;
				CURRENT_PROJECT_VERSION = 1;
				GENERATE_INFOPLIST_FILE = YES;
				INFOPLIST_FILE = PickerView/Info.plist;
				INFOPLIST_KEY_UIApplicationSupportsIndirectInputEvents = YES;
				INFOPLIST_KEY_UILaunchStoryboardName = LaunchScreen;
				INFOPLIST_KEY_UIMainStoryboardFile = Main;
				INFOPLIST_KEY_UISupportedInterfaceOrientations = "UIInterfaceOrientationPortrait UIInterfaceOrientationLandscapeLeft UIInterfaceOrientationLandscapeRight";
				INFOPLIST_KEY_UISupportedInterfaceOrientations_iPad = "UIInterfaceOrientationPortrait UIInterfaceOrientationPortraitUpsideDown UIInterfaceOrientationLandscapeLeft UIInterfaceOrientationLandscapeRight";
				INFOPLIST_KEY_UISupportedInterfaceOrientations_iPhone = "UIInterfaceOrientationPortrait UIInterfaceOrientationLandscapeLeft UIInterfaceOrientationLandscapeRight";
				LD_RUNPATH_SEARCH_PATHS = (
					"$(inherited)",
					"@executable_path/Frameworks",
				);
				MARKETING_VERSION = 1.0;
				PRODUCT_BUNDLE_IDENTIFIER = Necky.PickerView;
				PRODUCT_NAME = "$(TARGET_NAME)";
				SWIFT_EMIT_LOC_STRINGS = YES;
				SWIFT_VERSION = 5.0;
				TARGETED_DEVICE_FAMILY = "1,2";
			};
			name = Debug;
		};
		017ED783279A987A00FAAF42 /* Release */ = {
			isa = XCBuildConfiguration;
			buildSettings = {
				ASSETCATALOG_COMPILER_APPICON_NAME = AppIcon;
				ASSETCATALOG_COMPILER_GLOBAL_ACCENT_COLOR_NAME = AccentColor;
				CODE_SIGN_STYLE = Automatic;
				CURRENT_PROJECT_VERSION = 1;
				GENERATE_INFOPLIST_FILE = YES;
				INFOPLIST_FILE = PickerView/Info.plist;
				INFOPLIST_KEY_UIApplicationSupportsIndirectInputEvents = YES;
				INFOPLIST_KEY_UILaunchStoryboardName = LaunchScreen;
				INFOPLIST_KEY_UIMainStoryboardFile = Main;
				INFOPLIST_KEY_UISupportedInterfaceOrientations = "UIInterfaceOrientationPortrait UIInterfaceOrientationLandscapeLeft UIInterfaceOrientationLandscapeRight";
				INFOPLIST_KEY_UISupportedInterfaceOrientations_iPad = "UIInterfaceOrientationPortrait UIInterfaceOrientationPortraitUpsideDown UIInterfaceOrientationLandscapeLeft UIInterfaceOrientationLandscapeRight";
				INFOPLIST_KEY_UISupportedInterfaceOrientations_iPhone = "UIInterfaceOrientationPortrait UIInterfaceOrientationLandscapeLeft UIInterfaceOrientationLandscapeRight";
				LD_RUNPATH_SEARCH_PATHS = (
					"$(inherited)",
					"@executable_path/Frameworks",
				);
				MARKETING_VERSION = 1.0;
				PRODUCT_BUNDLE_IDENTIFIER = Necky.PickerView;
				PRODUCT_NAME = "$(TARGET_NAME)";
				SWIFT_EMIT_LOC_STRINGS = YES;
				SWIFT_VERSION = 5.0;
				TARGETED_DEVICE_FAMILY = "1,2";
			};
			name = Release;
		};
/* End XCBuildConfiguration section */

/* Begin XCConfigurationList section */
		017ED768279A987700FAAF42 /* Build configuration list for PBXProject "PickerView" */ = {
			isa = XCConfigurationList;
			buildConfigurations = (
				017ED77F279A987A00FAAF42 /* Debug */,
				017ED780279A987A00FAAF42 /* Release */,
			);
			defaultConfigurationIsVisible = 0;
			defaultConfigurationName = Release;
		};
		017ED781279A987A00FAAF42 /* Build configuration list for PBXNativeTarget "PickerView" */ = {
			isa = XCConfigurationList;
			buildConfigurations = (
				017ED782279A987A00FAAF42 /* Debug */,
				017ED783279A987A00FAAF42 /* Release */,
			);
			defaultConfigurationIsVisible = 0;
			defaultConfigurationName = Release;
		};
/* End XCConfigurationList section */
	};
	rootObject = 017ED765279A987700FAAF42 /* Project object */;
}
